
Microsoft Visual Studio Solution File, Format Version 12.00
# Visual Studio Version 16
VisualStudioVersion = 16.0.33027.164
MinimumVisualStudioVersion = 10.0.40219.1
Project("{FAE04EC0-301F-11D3-BF4B-00C04F79EFBC}") = "Pl", "Pl\Pl.csproj", "{3F062014-0C8F-4696-91BC-5D3EDA9EB6A4}"
EndProject
Project("{FAE04EC0-301F-11D3-BF4B-00C04F79EFBC}") = "DL", "DL\DL.csproj", "{C4D74BF6-EFF5-4CC6-85E2-65B10A97CAA0}"
EndProject
Project("{FAE04EC0-301F-11D3-BF4B-00C04F79EFBC}") = "Bl", "Bl\Bl.csproj", "{FAC0A678-4149-4027-AEEF-EF78EA20EA20}"
EndProject
Project("{FAE04EC0-301F-11D3-BF4B-00C04F79EFBC}") = "Ml", "Ml\Ml.csproj", "{2C8B8616-2611-4342-8ACB-A5FF187B599D}"
EndProject
Project("{FAE04EC0-301F-11D3-BF4B-00C04F79EFBC}") = "PL__MVC", "PL__MVC\PL__MVC.csproj", "{4D3040BC-4AE4-4485-9225-EABB92FED234}"
EndProject
Global
	GlobalSection(SolutionConfigurationPlatforms) = preSolution
		Debug|Any CPU = Debug|Any CPU
		Release|Any CPU = Release|Any CPU
	EndGlobalSection
	GlobalSection(ProjectConfigurationPlatforms) = postSolution
		{3F062014-0C8F-4696-91BC-5D3EDA9EB6A4}.Debug|Any CPU.ActiveCfg = Debug|Any CPU
		{3F062014-0C8F-4696-91BC-5D3EDA9EB6A4}.Debug|Any CPU.Build.0 = Debug|Any CPU
		{3F062014-0C8F-4696-91BC-5D3EDA9EB6A4}.Release|Any CPU.ActiveCfg = Release|Any CPU
		{3F062014-0C8F-4696-91BC-5D3EDA9EB6A4}.Release|Any CPU.Build.0 = Release|Any CPU
		{C4D74BF6-EFF5-4CC6-85E2-65B10A97CAA0}.Debug|Any CPU.ActiveCfg = Debug|Any CPU
		{C4D74BF6-EFF5-4CC6-85E2-65B10A97CAA0}.Debug|Any CPU.Build.0 = Debug|Any CPU
		{C4D74BF6-EFF5-4CC6-85E2-65B10A97CAA0}.Release|Any CPU.ActiveCfg = Release|Any CPU
		{C4D74BF6-EFF5-4CC6-85E2-65B10A97CAA0}.Release|Any CPU.Build.0 = Release|Any CPU
		{FAC0A678-4149-4027-AEEF-EF78EA20EA20}.Debug|Any CPU.ActiveCfg = Debug|Any CPU
		{FAC0A678-4149-4027-AEEF-EF78EA20EA20}.Debug|Any CPU.Build.0 = Debug|Any CPU
		{FAC0A678-4149-4027-AEEF-EF78EA20EA20}.Release|Any CPU.ActiveCfg = Release|Any CPU
		{FAC0A678-4149-4027-AEEF-EF78EA20EA20}.Release|Any CPU.Build.0 = Release|Any CPU
		{2C8B8616-2611-4342-8ACB-A5FF187B599D}.Debug|Any CPU.ActiveCfg = Debug|Any CPU
		{2C8B8616-2611-4342-8ACB-A5FF187B599D}.Debug|Any CPU.Build.0 = Debug|Any CPU
		{2C8B8616-2611-4342-8ACB-A5FF187B599D}.Release|Any CPU.ActiveCfg = Release|Any CPU
		{2C8B8616-2611-4342-8ACB-A5FF187B599D}.Release|Any CPU.Build.0 = Release|Any CPU
		{4D3040BC-4AE4-4485-9225-EABB92FED234}.Debug|Any CPU.ActiveCfg = Debug|Any CPU
		{4D3040BC-4AE4-4485-9225-EABB92FED234}.Debug|Any CPU.Build.0 = Debug|Any CPU
		{4D3040BC-4AE4-4485-9225-EABB92FED234}.Release|Any CPU.ActiveCfg = Release|Any CPU
		{4D3040BC-4AE4-4485-9225-EABB92FED234}.Release|Any CPU.Build.0 = Release|Any CPU
	EndGlobalSection
	GlobalSection(SolutionProperties) = preSolution
		HideSolutionNode = FALSE
	EndGlobalSection
	GlobalSection(ExtensibilityGlobals) = postSolution
		SolutionGuid = {7EDE432F-308F-4E96-AA50-19D97494341C}
	EndGlobalSection
EndGlobal
